
Microsoft Visual Studio Solution File, Format Version 12.00
# Visual Studio Version 17
VisualStudioVersion = 17.6.33829.357
MinimumVisualStudioVersion = 10.0.40219.1
Project("{FAE04EC0-301F-11D3-BF4B-00C04F79EFBC}") = "Vestal.Core.API", "Vestal.Core.API\Vestal.Core.API.csproj", "{CD3EE73A-A8B0-4BEC-A18A-8A3AC9DC76FE}"
EndProject
Global
	GlobalSection(SolutionConfigurationPlatforms) = preSolution
		Debug|Any CPU = Debug|Any CPU
		Release|Any CPU = Release|Any CPU
	EndGlobalSection
	GlobalSection(ProjectConfigurationPlatforms) = postSolution
		{CD3EE73A-A8B0-4BEC-A18A-8A3AC9DC76FE}.Debug|Any CPU.ActiveCfg = Debug|Any CPU
		{CD3EE73A-A8B0-4BEC-A18A-8A3AC9DC76FE}.Debug|Any CPU.Build.0 = Debug|Any CPU
		{CD3EE73A-A8B0-4BEC-A18A-8A3AC9DC76FE}.Release|Any CPU.ActiveCfg = Release|Any CPU
		{CD3EE73A-A8B0-4BEC-A18A-8A3AC9DC76FE}.Release|Any CPU.Build.0 = Release|Any CPU
	EndGlobalSection
	GlobalSection(SolutionProperties) = preSolution
		HideSolutionNode = FALSE
	EndGlobalSection
	GlobalSection(ExtensibilityGlobals) = postSolution
		SolutionGuid = {5161453B-067D-428A-9D3A-D3A7AB28753E}
	EndGlobalSection
EndGlobal
